// !$*UTF8*$!
{
	archiveVersion = 1;
	classes = {
	};
	objectVersion = 48;
	objects = {

/* Begin PBXBuildFile section */
		6F2FC7F11F20CF2B00F15470 /* RoundedShadowView.swift in Sources */ = {isa = PBXBuildFile; fileRef = 6F2FC7F01F20CF2B00F15470 /* RoundedShadowView.swift */; };
		6F2FC7F31F20D09600F15470 /* RoundedShadowButton.swift in Sources */ = {isa = PBXBuildFile; fileRef = 6F2FC7F21F20D09600F15470 /* RoundedShadowButton.swift */; };
		6F2FC7F51F20D0CD00F15470 /* RoundedShadowImageView.swift in Sources */ = {isa = PBXBuildFile; fileRef = 6F2FC7F41F20D0CD00F15470 /* RoundedShadowImageView.swift */; };
		6F2FC7F71F21307800F15470 /* SqueezeNet.mlmodel in Sources */ = {isa = PBXBuildFile; fileRef = 6F2FC7F61F21307800F15470 /* SqueezeNet.mlmodel */; };
		6F8D26CD1F20CB3200CCF909 /* AppDelegate.swift in Sources */ = {isa = PBXBuildFile; fileRef = 6F8D26CC1F20CB3200CCF909 /* AppDelegate.swift */; };
		6F8D26CF1F20CB3200CCF909 /* CameraVC.swift in Sources */ = {isa = PBXBuildFile; fileRef = 6F8D26CE1F20CB3200CCF909 /* CameraVC.swift */; };
		6F8D26D21F20CB3200CCF909 /* Main.storyboard in Resources */ = {isa = PBXBuildFile; fileRef = 6F8D26D01F20CB3200CCF909 /* Main.storyboard */; };
		6F8D26D41F20CB3200CCF909 /* Assets.xcassets in Resources */ = {isa = PBXBuildFile; fileRef = 6F8D26D31F20CB3200CCF909 /* Assets.xcassets */; };
		6F8D26D71F20CB3200CCF909 /* LaunchScreen.storyboard in Resources */ = {isa = PBXBuildFile; fileRef = 6F8D26D51F20CB3200CCF909 /* LaunchScreen.storyboard */; };
/* End PBXBuildFile section */

/* Begin PBXFileReference section */
		6F2FC7F01F20CF2B00F15470 /* RoundedShadowView.swift */ = {isa = PBXFileReference; lastKnownFileType = sourcecode.swift; path = RoundedShadowView.swift; sourceTree = "<group>"; };
		6F2FC7F21F20D09600F15470 /* RoundedShadowButton.swift */ = {isa = PBXFileReference; lastKnownFileType = sourcecode.swift; path = RoundedShadowButton.swift; sourceTree = "<group>"; };
		6F2FC7F41F20D0CD00F15470 /* RoundedShadowImageView.swift */ = {isa = PBXFileReference; lastKnownFileType = sourcecode.swift; path = RoundedShadowImageView.swift; sourceTree = "<group>"; };
		6F2FC7F61F21307800F15470 /* SqueezeNet.mlmodel */ = {isa = PBXFileReference; lastKnownFileType = file.mlmodel; path = SqueezeNet.mlmodel; sourceTree = "<group>"; };
		6F8D26C91F20CB3200CCF909 /* vision-app-dev.app */ = {isa = PBXFileReference; explicitFileType = wrapper.application; includeInIndex = 0; path = "vision-app-dev.app"; sourceTree = BUILT_PRODUCTS_DIR; };
		6F8D26CC1F20CB3200CCF909 /* AppDelegate.swift */ = {isa = PBXFileReference; lastKnownFileType = sourcecode.swift; path = AppDelegate.swift; sourceTree = "<group>"; };
		6F8D26CE1F20CB3200CCF909 /* CameraVC.swift */ = {isa = PBXFileReference; lastKnownFileType = sourcecode.swift; path = CameraVC.swift; sourceTree = "<group>"; };
		6F8D26D11F20CB3200CCF909 /* Base */ = {isa = PBXFileReference; lastKnownFileType = file.storyboard; name = Base; path = Base.lproj/Main.storyboard; sourceTree = "<group>"; };
		6F8D26D31F20CB3200CCF909 /* Assets.xcassets */ = {isa = PBXFileReference; lastKnownFileType = folder.assetcatalog; path = Assets.xcassets; sourceTree = "<group>"; };
		6F8D26D61F20CB3200CCF909 /* Base */ = {isa = PBXFileReference; lastKnownFileType = file.storyboard; name = Base; path = Base.lproj/LaunchScreen.storyboard; sourceTree = "<group>"; };
		6F8D26D81F20CB3200CCF909 /* Info.plist */ = {isa = PBXFileReference; lastKnownFileType = text.plist.xml; path = Info.plist; sourceTree = "<group>"; };
/* End PBXFileReference section */

/* Begin PBXFrameworksBuildPhase section */
		6F8D26C61F20CB3200CCF909 /* Frameworks */ = {
			isa = PBXFrameworksBuildPhase;
			buildActionMask = 2147483647;
			files = (
			);
			runOnlyForDeploymentPostprocessing = 0;
		};
/* End PBXFrameworksBuildPhase section */

/* Begin PBXGroup section */
		6F8D26C01F20CB3200CCF909 = {
			isa = PBXGroup;
			children = (
				6F8D26CB1F20CB3200CCF909 /* vision-app-dev */,
				6F8D26CA1F20CB3200CCF909 /* Products */,
			);
			sourceTree = "<group>";
		};
		6F8D26CA1F20CB3200CCF909 /* Products */ = {
			isa = PBXGroup;
			children = (
				6F8D26C91F20CB3200CCF909 /* vision-app-dev.app */,
			);
			name = Products;
			sourceTree = "<group>";
		};
		6F8D26CB1F20CB3200CCF909 /* vision-app-dev */ = {
			isa = PBXGroup;
			children = (
				6F8D26E11F20CB7500CCF909 /* Resources */,
				6F8D26E01F20CB6600CCF909 /* Model */,
				6F8D26DE1F20CB5900CCF909 /* View */,
				6F8D26DF1F20CB5E00CCF909 /* Controller */,
				6F8D26CC1F20CB3200CCF909 /* AppDelegate.swift */,
				6F8D26D01F20CB3200CCF909 /* Main.storyboard */,
				6F8D26D31F20CB3200CCF909 /* Assets.xcassets */,
				6F8D26D51F20CB3200CCF909 /* LaunchScreen.storyboard */,
				6F8D26D81F20CB3200CCF909 /* Info.plist */,
			);
			path = "vision-app-dev";
			sourceTree = "<group>";
		};
		6F8D26DE1F20CB5900CCF909 /* View */ = {
			isa = PBXGroup;
			children = (
				6F2FC7F01F20CF2B00F15470 /* RoundedShadowView.swift */,
				6F2FC7F21F20D09600F15470 /* RoundedShadowButton.swift */,
				6F2FC7F41F20D0CD00F15470 /* RoundedShadowImageView.swift */,
			);
			path = View;
			sourceTree = "<group>";
		};
		6F8D26DF1F20CB5E00CCF909 /* Controller */ = {
			isa = PBXGroup;
			children = (
				6F8D26CE1F20CB3200CCF909 /* CameraVC.swift */,
			);
			path = Controller;
			sourceTree = "<group>";
		};
		6F8D26E01F20CB6600CCF909 /* Model */ = {
			isa = PBXGroup;
			children = (
				6F2FC7F61F21307800F15470 /* SqueezeNet.mlmodel */,
			);
			path = Model;
			sourceTree = "<group>";
		};
		6F8D26E11F20CB7500CCF909 /* Resources */ = {
			isa = PBXGroup;
			children = (
			);
			path = Resources;
			sourceTree = "<group>";
		};
/* End PBXGroup section */

/* Begin PBXNativeTarget section */
		6F8D26C81F20CB3200CCF909 /* vision-app-dev */ = {
			isa = PBXNativeTarget;
			buildConfigurationList = 6F8D26DB1F20CB3200CCF909 /* Build configuration list for PBXNativeTarget "vision-app-dev" */;
			buildPhases = (
				6F8D26C51F20CB3200CCF909 /* Sources */,
				6F8D26C61F20CB3200CCF909 /* Frameworks */,
				6F8D26C71F20CB3200CCF909 /* Resources */,
			);
			buildRules = (
			);
			dependencies = (
			);
			name = "vision-app-dev";
			productName = "vision-app-dev";
			productReference = 6F8D26C91F20CB3200CCF909 /* vision-app-dev.app */;
			productType = "com.apple.product-type.application";
		};
/* End PBXNativeTarget section */

/* Begin PBXProject section */
		6F8D26C11F20CB3200CCF909 /* Project object */ = {
			isa = PBXProject;
			attributes = {
				LastSwiftUpdateCheck = 0900;
				LastUpgradeCheck = 0900;
				ORGANIZATIONNAME = "ToraCross Studios";
				TargetAttributes = {
					6F8D26C81F20CB3200CCF909 = {
						CreatedOnToolsVersion = 9.0;
					};
				};
			};
			buildConfigurationList = 6F8D26C41F20CB3200CCF909 /* Build configuration list for PBXProject "vision-app-dev" */;
			compatibilityVersion = "Xcode 8.0";
			developmentRegion = en;
			hasScannedForEncodings = 0;
			knownRegions = (
				en,
				Base,
			);
			mainGroup = 6F8D26C01F20CB3200CCF909;
			productRefGroup = 6F8D26CA1F20CB3200CCF909 /* Products */;
			projectDirPath = "";
			projectRoot = "";
			targets = (
				6F8D26C81F20CB3200CCF909 /* vision-app-dev */,
			);
		};
/* End PBXProject section */

/* Begin PBXResourcesBuildPhase section */
		6F8D26C71F20CB3200CCF909 /* Resources */ = {
			isa = PBXResourcesBuildPhase;
			buildActionMask = 2147483647;
			files = (
				6F8D26D71F20CB3200CCF909 /* LaunchScreen.storyboard in Resources */,
				6F8D26D41F20CB3200CCF909 /* Assets.xcassets in Resources */,
				6F8D26D21F20CB3200CCF909 /* Main.storyboard in Resources */,
			);
			runOnlyForDeploymentPostprocessing = 0;
		};
/* End PBXResourcesBuildPhase section */

/* Begin PBXSourcesBuildPhase section */
		6F8D26C51F20CB3200CCF909 /* Sources */ = {
			isa = PBXSourcesBuildPhase;
			buildActionMask = 2147483647;
			files = (
				6F8D26CF1F20CB3200CCF909 /* CameraVC.swift in Sources */,
				6F2FC7F71F21307800F15470 /* SqueezeNet.mlmodel in Sources */,
				6F8D26CD1F20CB3200CCF909 /* AppDelegate.swift in Sources */,
				6F2FC7F11F20CF2B00F15470 /* RoundedShadowView.swift in Sources */,
				6F2FC7F31F20D09600F15470 /* RoundedShadowButton.swift in Sources */,
				6F2FC7F51F20D0CD00F15470 /* RoundedShadowImageView.swift in Sources */,
			);
			runOnlyForDeploymentPostprocessing = 0;
		};
/* End PBXSourcesBuildPhase section */

/* Begin PBXVariantGroup section */
		6F8D26D01F20CB3200CCF909 /* Main.storyboard */ = {
			isa = PBXVariantGroup;
			children = (
				6F8D26D11F20CB3200CCF909 /* Base */,
			);
			name = Main.storyboard;
			sourceTree = "<group>";
		};
		6F8D26D51F20CB3200CCF909 /* LaunchScreen.storyboard */ = {
			isa = PBXVariantGroup;
			children = (
				6F8D26D61F20CB3200CCF909 /* Base */,
			);
			name = LaunchScreen.storyboard;
			sourceTree = "<group>";
		};
/* End PBXVariantGroup section */

/* Begin XCBuildConfiguration section */
		6F8D26D91F20CB3200CCF909 /* Debug */ = {
			isa = XCBuildConfiguration;
			buildSettings = {
				ALWAYS_SEARCH_USER_PATHS = NO;
				CLANG_ANALYZER_NONNULL = YES;
				CLANG_ANALYZER_NUMBER_OBJECT_CONVERSION = YES_AGGRESSIVE;
				CLANG_CXX_LANGUAGE_STANDARD = "gnu++14";
				CLANG_CXX_LIBRARY = "libc++";
				CLANG_ENABLE_MODULES = YES;
				CLANG_ENABLE_OBJC_ARC = YES;
				CLANG_WARN_BLOCK_CAPTURE_AUTORELEASING = YES;
				CLANG_WARN_BOOL_CONVERSION = YES;
				CLANG_WARN_COMMA = YES;
				CLANG_WARN_CONSTANT_CONVERSION = YES;
				CLANG_WARN_DIRECT_OBJC_ISA_USAGE = YES_ERROR;
				CLANG_WARN_DOCUMENTATION_COMMENTS = YES;
				CLANG_WARN_EMPTY_BODY = YES;
				CLANG_WARN_ENUM_CONVERSION = YES;
				CLANG_WARN_INFINITE_RECURSION = YES;
				CLANG_WARN_INT_CONVERSION = YES;
				CLANG_WARN_NON_LITERAL_NULL_CONVERSION = YES;
				CLANG_WARN_OBJC_LITERAL_CONVERSION = YES;
				CLANG_WARN_OBJC_ROOT_CLASS = YES_ERROR;
				CLANG_WARN_RANGE_LOOP_ANALYSIS = YES;
				CLANG_WARN_STRICT_PROTOTYPES = YES;
				CLANG_WARN_SUSPICIOUS_MOVE = YES;
				CLANG_WARN_UNGUARDED_AVAILABILITY = YES_AGGRESSIVE;
				CLANG_WARN_UNREACHABLE_CODE = YES;
				CLANG_WARN__DUPLICATE_METHOD_MATCH = YES;
				CODE_SIGN_IDENTITY = "iPhone Developer";
				COPY_PHASE_STRIP = NO;
				DEBUG_INFORMATION_FORMAT = dwarf;
				ENABLE_STRICT_OBJC_MSGSEND = YES;
				ENABLE_TESTABILITY = YES;
				GCC_C_LANGUAGE_STANDARD = gnu11;
				GCC_DYNAMIC_NO_PIC = NO;
				GCC_NO_COMMON_BLOCKS = YES;
				GCC_OPTIMIZATION_LEVEL = 0;
				GCC_PREPROCESSOR_DEFINITIONS = (
					"DEBUG=1",
					"$(inherited)",
				);
				GCC_WARN_64_TO_32_BIT_CONVERSION = YES;
				GCC_WARN_ABOUT_RETURN_TYPE = YES_ERROR;
				GCC_WARN_UNDECLARED_SELECTOR = YES;
				GCC_WARN_UNINITIALIZED_AUTOS = YES_AGGRESSIVE;
				GCC_WARN_UNUSED_FUNCTION = YES;
				GCC_WARN_UNUSED_VARIABLE = YES;
				IPHONEOS_DEPLOYMENT_TARGET = 11.0;
				MTL_ENABLE_DEBUG_INFO = YES;
				ONLY_ACTIVE_ARCH = YES;
				SDKROOT = iphoneos;
				SWIFT_ACTIVE_COMPILATION_CONDITIONS = DEBUG;
				SWIFT_OPTIMIZATION_LEVEL = "-Onone";
			};
			name = Debug;
		};
		6F8D26DA1F20CB3200CCF909 /* Release */ = {
			isa = XCBuildConfiguration;
			buildSettings = {
				ALWAYS_SEARCH_USER_PATHS = NO;
				CLANG_ANALYZER_NONNULL = YES;
				CLANG_ANALYZER_NUMBER_OBJECT_CONVERSION = YES_AGGRESSIVE;
				CLANG_CXX_LANGUAGE_STANDARD = "gnu++14";
				CLANG_CXX_LIBRARY = "libc++";
				CLANG_ENABLE_MODULES = YES;
				CLANG_ENABLE_OBJC_ARC = YES;
				CLANG_WARN_BLOCK_CAPTURE_AUTORELEASING = YES;
				CLANG_WARN_BOOL_CONVERSION = YES;
				CLANG_WARN_COMMA = YES;
				CLANG_WARN_CONSTANT_CONVERSION = YES;
				CLANG_WARN_DIRECT_OBJC_ISA_USAGE = YES_ERROR;
				CLANG_WARN_DOCUMENTATION_COMMENTS = YES;
				CLANG_WARN_EMPTY_BODY = YES;
				CLANG_WARN_ENUM_CONVERSION = YES;
				CLANG_WARN_INFINITE_RECURSION = YES;
				CLANG_WARN_INT_CONVERSION = YES;
				CLANG_WARN_NON_LITERAL_NULL_CONVERSION = YES;
				CLANG_WARN_OBJC_LITERAL_CONVERSION = YES;
				CLANG_WARN_OBJC_ROOT_CLASS = YES_ERROR;
				CLANG_WARN_RANGE_LOOP_ANALYSIS = YES;
				CLANG_WARN_STRICT_PROTOTYPES = YES;
				CLANG_WARN_SUSPICIOUS_MOVE = YES;
				CLANG_WARN_UNGUARDED_AVAILABILITY = YES_AGGRESSIVE;
				CLANG_WARN_UNREACHABLE_CODE = YES;
				CLANG_WARN__DUPLICATE_METHOD_MATCH = YES;
				CODE_SIGN_IDENTITY = "iPhone Developer";
				COPY_PHASE_STRIP = NO;
				DEBUG_INFORMATION_FORMAT = "dwarf-with-dsym";
				ENABLE_NS_ASSERTIONS = NO;
				ENABLE_STRICT_OBJC_MSGSEND = YES;
				GCC_C_LANGUAGE_STANDARD = gnu11;
				GCC_NO_COMMON_BLOCKS = YES;
				GCC_WARN_64_TO_32_BIT_CONVERSION = YES;
				GCC_WARN_ABOUT_RETURN_TYPE = YES_ERROR;
				GCC_WARN_UNDECLARED_SELECTOR = YES;
				GCC_WARN_UNINITIALIZED_AUTOS = YES_AGGRESSIVE;
				GCC_WARN_UNUSED_FUNCTION = YES;
				GCC_WARN_UNUSED_VARIABLE = YES;
				IPHONEOS_DEPLOYMENT_TARGET = 11.0;
				MTL_ENABLE_DEBUG_INFO = NO;
				SDKROOT = iphoneos;
				SWIFT_OPTIMIZATION_LEVEL = "-Owholemodule";
				VALIDATE_PRODUCT = YES;
			};
			name = Release;
		};
		6F8D26DC1F20CB3200CCF909 /* Debug */ = {
			isa = XCBuildConfiguration;
			buildSettings = {
				ASSETCATALOG_COMPILER_APPICON_NAME = AppIcon;
				DEVELOPMENT_TEAM = NG6UM76K5M;
				INFOPLIST_FILE = "vision-app-dev/Info.plist";
				IPHONEOS_DEPLOYMENT_TARGET = 11.0;
				LD_RUNPATH_SEARCH_PATHS = "$(inherited) @executable_path/Frameworks";
				PRODUCT_BUNDLE_IDENTIFIER = "com.toracross.vision-app-dev";
				PRODUCT_NAME = "$(TARGET_NAME)";
				SWIFT_VERSION = 4.0;
				TARGETED_DEVICE_FAMILY = "1,2";
			};
			name = Debug;
		};
		6F8D26DD1F20CB3200CCF909 /* Release */ = {
			isa = XCBuildConfiguration;
			buildSettings = {
				ASSETCATALOG_COMPILER_APPICON_NAME = AppIcon;
				DEVELOPMENT_TEAM = NG6UM76K5M;
				INFOPLIST_FILE = "vision-app-dev/Info.plist";
				IPHONEOS_DEPLOYMENT_TARGET = 11.0;
				LD_RUNPATH_SEARCH_PATHS = "$(inherited) @executable_path/Frameworks";
				PRODUCT_BUNDLE_IDENTIFIER = "com.toracross.vision-app-dev";
				PRODUCT_NAME = "$(TARGET_NAME)";
				SWIFT_VERSION = 4.0;
				TARGETED_DEVICE_FAMILY = "1,2";
			};
			name = Release;
		};
/* End XCBuildConfiguration section */

/* Begin XCConfigurationList section */
		6F8D26C41F20CB3200CCF909 /* Build configuration list for PBXProject "vision-app-dev" */ = {
			isa = XCConfigurationList;
			buildConfigurations = (
				6F8D26D91F20CB3200CCF909 /* Debug */,
				6F8D26DA1F20CB3200CCF909 /* Release */,
			);
			defaultConfigurationIsVisible = 0;
			defaultConfigurationName = Release;
		};
		6F8D26DB1F20CB3200CCF909 /* Build configuration list for PBXNativeTarget "vision-app-dev" */ = {
			isa = XCConfigurationList;
			buildConfigurations = (
				6F8D26DC1F20CB3200CCF909 /* Debug */,
				6F8D26DD1F20CB3200CCF909 /* Release */,
			);
			defaultConfigurationIsVisible = 0;
			defaultConfigurationName = Release;
		};
/* End XCConfigurationList section */
	};
	rootObject = 6F8D26C11F20CB3200CCF909 /* Project object */;
}
